
Microsoft Visual Studio Solution File, Format Version 12.00
# Visual Studio Version 16
VisualStudioVersion = 16.0.31702.278
MinimumVisualStudioVersion = 10.0.40219.1
Project("{FAE04EC0-301F-11D3-BF4B-00C04F79EFBC}") = "Tuvars", "Tuvars\Tuvars.csproj", "{EE498B56-519A-485B-8A1E-E4BFAE60AEDB}"
EndProject
Global
	GlobalSection(SolutionConfigurationPlatforms) = preSolution
		Debug|Any CPU = Debug|Any CPU
		Release|Any CPU = Release|Any CPU
	EndGlobalSection
	GlobalSection(ProjectConfigurationPlatforms) = postSolution
		{EE498B56-519A-485B-8A1E-E4BFAE60AEDB}.Debug|Any CPU.ActiveCfg = Debug|Any CPU
		{EE498B56-519A-485B-8A1E-E4BFAE60AEDB}.Debug|Any CPU.Build.0 = Debug|Any CPU
		{EE498B56-519A-485B-8A1E-E4BFAE60AEDB}.Release|Any CPU.ActiveCfg = Release|Any CPU
		{EE498B56-519A-485B-8A1E-E4BFAE60AEDB}.Release|Any CPU.Build.0 = Release|Any CPU
	EndGlobalSection
	GlobalSection(SolutionProperties) = preSolution
		HideSolutionNode = FALSE
	EndGlobalSection
	GlobalSection(ExtensibilityGlobals) = postSolution
		SolutionGuid = {B0107C46-3E46-452C-BB58-AC4F67F0E8DD}
	EndGlobalSection
EndGlobal
